
Microsoft Visual Studio Solution File, Format Version 12.00
# Visual Studio 2012
Project("{FAE04EC0-301F-11D3-BF4B-00C04F79EFBC}") = "MyMortgage.Calculator", "MyMortgage.Calculator\MyMortgage.Calculator.csproj", "{3B5301A4-2E78-485D-9414-6EA4E7C81691}"
EndProject
Project("{FAE04EC0-301F-11D3-BF4B-00C04F79EFBC}") = "MyMortgage.Runner", "MyMortgage.Runner\MyMortgage.Runner.csproj", "{96F81D65-E603-4626-9CF3-3E9EDB892498}"
EndProject
Project("{FAE04EC0-301F-11D3-BF4B-00C04F79EFBC}") = "MyMortgage.Calculator.Nunit.Test", "MyMortgage.Calculator.Nunit.Test\MyMortgage.Calculator.Nunit.Test.csproj", "{9BAE5CF0-3E63-4EC3-AD55-2D07D6C53062}"
EndProject
Project("{2150E333-8FDC-42A3-9474-1A3956D46DE8}") = "RestApi", "RestApi", "{98822E52-8D22-4A16-9D02-D61A4783E5FA}"
EndProject
Project("{FAE04EC0-301F-11D3-BF4B-00C04F79EFBC}") = "MyMortgage.RestApi.Common", "MyMortgage.RestApi.Common\MyMortgage.RestApi.Common.csproj", "{95B18C40-B414-4601-8DF6-A9CFC4C80618}"
EndProject
Project("{FAE04EC0-301F-11D3-BF4B-00C04F79EFBC}") = "MyMortgage.RestApi.MsHttp", "MyMortgage.RestApi.MsHttp\MyMortgage.RestApi.MsHttp.csproj", "{B74B559D-191C-45BF-B9E1-EF28DA5CAD32}"
EndProject
Project("{FAE04EC0-301F-11D3-BF4B-00C04F79EFBC}") = "MyMortgage.RestApi.Client", "MyMortgage.RestApi.Client\MyMortgage.RestApi.Client.csproj", "{B662F7F3-4C97-4640-81DA-EEF7B7513E90}"
EndProject
Project("{FAE04EC0-301F-11D3-BF4B-00C04F79EFBC}") = "MyMortgage.Common", "MyMortgage.Common\MyMortgage.Common.csproj", "{7824B592-1D8A-4D6A-A252-93CB8D3619D3}"
EndProject
Project("{FAE04EC0-301F-11D3-BF4B-00C04F79EFBC}") = "MyMortgage.RestApi.Runner", "MyMortgage.RestApi.Runner\MyMortgage.RestApi.Runner.csproj", "{DD4C108B-76B1-48C0-8A17-3386778A5A33}"
EndProject
Project("{2150E333-8FDC-42A3-9474-1A3956D46DE8}") = "Calculator", "Calculator", "{BDEFEE5D-793C-4334-AB2E-C0EE4D44213A}"
EndProject
Project("{FAE04EC0-301F-11D3-BF4B-00C04F79EFBC}") = "MyMortgage.RestApi.Specflow.Test", "MyMortgage.RestApi.Specflow.Test\MyMortgage.RestApi.Specflow.Test.csproj", "{B107F7EC-A515-45E1-8DE0-0BF77B5EC35B}"
EndProject
Project("{FAE04EC0-301F-11D3-BF4B-00C04F79EFBC}") = "MyMortgage.RestApi.Nancy", "MyMortgage.RestApi.Nancy\MyMortgage.RestApi.Nancy.csproj", "{D2029DDA-CBC9-4CB0-BB7A-D2E69BA64F5C}"
EndProject
Project("{2150E333-8FDC-42A3-9474-1A3956D46DE8}") = ".build", ".build", "{02FCB3D9-FBE5-48B3-805E-C70E7CE5D476}"
	ProjectSection(SolutionItems) = preProject
		Build.proj = Build.proj
		.build\MSBuild.Community.Tasks.dll = .build\MSBuild.Community.Tasks.dll
		.build\MSBuild.Community.Tasks.targets = .build\MSBuild.Community.Tasks.targets
	EndProjectSection
EndProject
Project("{2150E333-8FDC-42A3-9474-1A3956D46DE8}") = ".nuget", ".nuget", "{1F188322-2BE2-48D1-BB40-881CF86CD358}"
	ProjectSection(SolutionItems) = preProject
		.nuget\packages.config = .nuget\packages.config
	EndProjectSection
EndProject
Project("{2150E333-8FDC-42A3-9474-1A3956D46DE8}") = "Wpf", "Wpf", "{198BA907-F986-4866-9FB2-D42383159EF3}"
EndProject
Project("{FAE04EC0-301F-11D3-BF4B-00C04F79EFBC}") = "MyMortgage.Wpf.Core", "MyMortgage.Wpf.Core\MyMortgage.Wpf.Core.csproj", "{C56833EE-1137-41B1-8C3D-A00DFD7C0FB6}"
EndProject
Project("{FAE04EC0-301F-11D3-BF4B-00C04F79EFBC}") = "MyMortgage.Wpf.Runner", "MyMortgage.Wpf.Runner\MyMortgage.Wpf.Runner.csproj", "{CD496F6C-A0BC-4117-B406-F610993F3DB6}"
EndProject
Project("{FAE04EC0-301F-11D3-BF4B-00C04F79EFBC}") = "MyMortgage.Wpf.Specflow.Test", "MyMortgage.Wpf.Specflow.Test\MyMortgage.Wpf.Specflow.Test.csproj", "{20D422FE-2A9C-4F4C-A321-2F159FC6C591}"
EndProject
Global
	GlobalSection(SolutionConfigurationPlatforms) = preSolution
		Debug|Any CPU = Debug|Any CPU
		Release|Any CPU = Release|Any CPU
	EndGlobalSection
	GlobalSection(ProjectConfigurationPlatforms) = postSolution
		{3B5301A4-2E78-485D-9414-6EA4E7C81691}.Debug|Any CPU.ActiveCfg = Debug|Any CPU
		{3B5301A4-2E78-485D-9414-6EA4E7C81691}.Debug|Any CPU.Build.0 = Debug|Any CPU
		{3B5301A4-2E78-485D-9414-6EA4E7C81691}.Release|Any CPU.ActiveCfg = Release|Any CPU
		{3B5301A4-2E78-485D-9414-6EA4E7C81691}.Release|Any CPU.Build.0 = Release|Any CPU
		{96F81D65-E603-4626-9CF3-3E9EDB892498}.Debug|Any CPU.ActiveCfg = Debug|Any CPU
		{96F81D65-E603-4626-9CF3-3E9EDB892498}.Debug|Any CPU.Build.0 = Debug|Any CPU
		{96F81D65-E603-4626-9CF3-3E9EDB892498}.Release|Any CPU.ActiveCfg = Release|Any CPU
		{96F81D65-E603-4626-9CF3-3E9EDB892498}.Release|Any CPU.Build.0 = Release|Any CPU
		{9BAE5CF0-3E63-4EC3-AD55-2D07D6C53062}.Debug|Any CPU.ActiveCfg = Debug|Any CPU
		{9BAE5CF0-3E63-4EC3-AD55-2D07D6C53062}.Debug|Any CPU.Build.0 = Debug|Any CPU
		{9BAE5CF0-3E63-4EC3-AD55-2D07D6C53062}.Release|Any CPU.ActiveCfg = Release|Any CPU
		{9BAE5CF0-3E63-4EC3-AD55-2D07D6C53062}.Release|Any CPU.Build.0 = Release|Any CPU
		{95B18C40-B414-4601-8DF6-A9CFC4C80618}.Debug|Any CPU.ActiveCfg = Debug|Any CPU
		{95B18C40-B414-4601-8DF6-A9CFC4C80618}.Debug|Any CPU.Build.0 = Debug|Any CPU
		{95B18C40-B414-4601-8DF6-A9CFC4C80618}.Release|Any CPU.ActiveCfg = Release|Any CPU
		{95B18C40-B414-4601-8DF6-A9CFC4C80618}.Release|Any CPU.Build.0 = Release|Any CPU
		{B74B559D-191C-45BF-B9E1-EF28DA5CAD32}.Debug|Any CPU.ActiveCfg = Debug|Any CPU
		{B74B559D-191C-45BF-B9E1-EF28DA5CAD32}.Debug|Any CPU.Build.0 = Debug|Any CPU
		{B74B559D-191C-45BF-B9E1-EF28DA5CAD32}.Release|Any CPU.ActiveCfg = Release|Any CPU
		{B74B559D-191C-45BF-B9E1-EF28DA5CAD32}.Release|Any CPU.Build.0 = Release|Any CPU
		{B662F7F3-4C97-4640-81DA-EEF7B7513E90}.Debug|Any CPU.ActiveCfg = Debug|Any CPU
		{B662F7F3-4C97-4640-81DA-EEF7B7513E90}.Debug|Any CPU.Build.0 = Debug|Any CPU
		{B662F7F3-4C97-4640-81DA-EEF7B7513E90}.Release|Any CPU.ActiveCfg = Release|Any CPU
		{B662F7F3-4C97-4640-81DA-EEF7B7513E90}.Release|Any CPU.Build.0 = Release|Any CPU
		{7824B592-1D8A-4D6A-A252-93CB8D3619D3}.Debug|Any CPU.ActiveCfg = Debug|Any CPU
		{7824B592-1D8A-4D6A-A252-93CB8D3619D3}.Debug|Any CPU.Build.0 = Debug|Any CPU
		{7824B592-1D8A-4D6A-A252-93CB8D3619D3}.Release|Any CPU.ActiveCfg = Release|Any CPU
		{7824B592-1D8A-4D6A-A252-93CB8D3619D3}.Release|Any CPU.Build.0 = Release|Any CPU
		{DD4C108B-76B1-48C0-8A17-3386778A5A33}.Debug|Any CPU.ActiveCfg = Debug|Any CPU
		{DD4C108B-76B1-48C0-8A17-3386778A5A33}.Debug|Any CPU.Build.0 = Debug|Any CPU
		{DD4C108B-76B1-48C0-8A17-3386778A5A33}.Release|Any CPU.ActiveCfg = Release|Any CPU
		{DD4C108B-76B1-48C0-8A17-3386778A5A33}.Release|Any CPU.Build.0 = Release|Any CPU
		{B107F7EC-A515-45E1-8DE0-0BF77B5EC35B}.Debug|Any CPU.ActiveCfg = Debug|Any CPU
		{B107F7EC-A515-45E1-8DE0-0BF77B5EC35B}.Debug|Any CPU.Build.0 = Debug|Any CPU
		{B107F7EC-A515-45E1-8DE0-0BF77B5EC35B}.Release|Any CPU.ActiveCfg = Release|Any CPU
		{B107F7EC-A515-45E1-8DE0-0BF77B5EC35B}.Release|Any CPU.Build.0 = Release|Any CPU
		{D2029DDA-CBC9-4CB0-BB7A-D2E69BA64F5C}.Debug|Any CPU.ActiveCfg = Debug|Any CPU
		{D2029DDA-CBC9-4CB0-BB7A-D2E69BA64F5C}.Debug|Any CPU.Build.0 = Debug|Any CPU
		{D2029DDA-CBC9-4CB0-BB7A-D2E69BA64F5C}.Release|Any CPU.ActiveCfg = Release|Any CPU
		{D2029DDA-CBC9-4CB0-BB7A-D2E69BA64F5C}.Release|Any CPU.Build.0 = Release|Any CPU
		{C56833EE-1137-41B1-8C3D-A00DFD7C0FB6}.Debug|Any CPU.ActiveCfg = Debug|Any CPU
		{C56833EE-1137-41B1-8C3D-A00DFD7C0FB6}.Debug|Any CPU.Build.0 = Debug|Any CPU
		{C56833EE-1137-41B1-8C3D-A00DFD7C0FB6}.Release|Any CPU.ActiveCfg = Release|Any CPU
		{C56833EE-1137-41B1-8C3D-A00DFD7C0FB6}.Release|Any CPU.Build.0 = Release|Any CPU
		{CD496F6C-A0BC-4117-B406-F610993F3DB6}.Debug|Any CPU.ActiveCfg = Debug|Any CPU
		{CD496F6C-A0BC-4117-B406-F610993F3DB6}.Debug|Any CPU.Build.0 = Debug|Any CPU
		{CD496F6C-A0BC-4117-B406-F610993F3DB6}.Release|Any CPU.ActiveCfg = Release|Any CPU
		{CD496F6C-A0BC-4117-B406-F610993F3DB6}.Release|Any CPU.Build.0 = Release|Any CPU
		{20D422FE-2A9C-4F4C-A321-2F159FC6C591}.Debug|Any CPU.ActiveCfg = Debug|Any CPU
		{20D422FE-2A9C-4F4C-A321-2F159FC6C591}.Debug|Any CPU.Build.0 = Debug|Any CPU
		{20D422FE-2A9C-4F4C-A321-2F159FC6C591}.Release|Any CPU.ActiveCfg = Release|Any CPU
		{20D422FE-2A9C-4F4C-A321-2F159FC6C591}.Release|Any CPU.Build.0 = Release|Any CPU
	EndGlobalSection
	GlobalSection(SolutionProperties) = preSolution
		HideSolutionNode = FALSE
	EndGlobalSection
	GlobalSection(NestedProjects) = preSolution
		{9BAE5CF0-3E63-4EC3-AD55-2D07D6C53062} = {BDEFEE5D-793C-4334-AB2E-C0EE4D44213A}
		{3B5301A4-2E78-485D-9414-6EA4E7C81691} = {BDEFEE5D-793C-4334-AB2E-C0EE4D44213A}
		{95B18C40-B414-4601-8DF6-A9CFC4C80618} = {98822E52-8D22-4A16-9D02-D61A4783E5FA}
		{B74B559D-191C-45BF-B9E1-EF28DA5CAD32} = {98822E52-8D22-4A16-9D02-D61A4783E5FA}
		{B662F7F3-4C97-4640-81DA-EEF7B7513E90} = {98822E52-8D22-4A16-9D02-D61A4783E5FA}
		{DD4C108B-76B1-48C0-8A17-3386778A5A33} = {98822E52-8D22-4A16-9D02-D61A4783E5FA}
		{B107F7EC-A515-45E1-8DE0-0BF77B5EC35B} = {98822E52-8D22-4A16-9D02-D61A4783E5FA}
		{D2029DDA-CBC9-4CB0-BB7A-D2E69BA64F5C} = {98822E52-8D22-4A16-9D02-D61A4783E5FA}
		{C56833EE-1137-41B1-8C3D-A00DFD7C0FB6} = {198BA907-F986-4866-9FB2-D42383159EF3}
		{CD496F6C-A0BC-4117-B406-F610993F3DB6} = {198BA907-F986-4866-9FB2-D42383159EF3}
		{20D422FE-2A9C-4F4C-A321-2F159FC6C591} = {198BA907-F986-4866-9FB2-D42383159EF3}
	EndGlobalSection
EndGlobal
